
Microsoft Visual Studio Solution File, Format Version 12.00
# Visual Studio Version 17
VisualStudioVersion = 17.10.35027.167
MinimumVisualStudioVersion = 10.0.40219.1
Project("{FAE04EC0-301F-11D3-BF4B-00C04F79EFBC}") = "LibraryAutomation.UI", "LibraryAutomation\LibraryAutomation.UI.csproj", "{ABC0EE95-A14E-428E-9BAB-3D35B94E22BB}"
EndProject
Project("{FAE04EC0-301F-11D3-BF4B-00C04F79EFBC}") = "LibraryAutomation.Domain", "LibraryAutomation.Domain\LibraryAutomation.Domain.csproj", "{D5ABE54A-E5A9-44EA-9D46-296F9D108610}"
EndProject
Project("{FAE04EC0-301F-11D3-BF4B-00C04F79EFBC}") = "LibraryAutomation.DAL", "LibraryAutomation.DAL\LibraryAutomation.DAL.csproj", "{AFCECBCF-34E9-4263-88D9-10B1546D27F2}"
EndProject
Project("{FAE04EC0-301F-11D3-BF4B-00C04F79EFBC}") = "LibraryAutomation.BAL", "LibraryAutomation.BAL\LibraryAutomation.BAL.csproj", "{2F9C595A-1824-44AC-962E-AB377B645774}"
EndProject
Global
	GlobalSection(SolutionConfigurationPlatforms) = preSolution
		Debug|Any CPU = Debug|Any CPU
		Release|Any CPU = Release|Any CPU
	EndGlobalSection
	GlobalSection(ProjectConfigurationPlatforms) = postSolution
		{ABC0EE95-A14E-428E-9BAB-3D35B94E22BB}.Debug|Any CPU.ActiveCfg = Debug|Any CPU
		{ABC0EE95-A14E-428E-9BAB-3D35B94E22BB}.Debug|Any CPU.Build.0 = Debug|Any CPU
		{ABC0EE95-A14E-428E-9BAB-3D35B94E22BB}.Release|Any CPU.ActiveCfg = Release|Any CPU
		{ABC0EE95-A14E-428E-9BAB-3D35B94E22BB}.Release|Any CPU.Build.0 = Release|Any CPU
		{D5ABE54A-E5A9-44EA-9D46-296F9D108610}.Debug|Any CPU.ActiveCfg = Debug|Any CPU
		{D5ABE54A-E5A9-44EA-9D46-296F9D108610}.Debug|Any CPU.Build.0 = Debug|Any CPU
		{D5ABE54A-E5A9-44EA-9D46-296F9D108610}.Release|Any CPU.ActiveCfg = Release|Any CPU
		{D5ABE54A-E5A9-44EA-9D46-296F9D108610}.Release|Any CPU.Build.0 = Release|Any CPU
		{AFCECBCF-34E9-4263-88D9-10B1546D27F2}.Debug|Any CPU.ActiveCfg = Debug|Any CPU
		{AFCECBCF-34E9-4263-88D9-10B1546D27F2}.Debug|Any CPU.Build.0 = Debug|Any CPU
		{AFCECBCF-34E9-4263-88D9-10B1546D27F2}.Release|Any CPU.ActiveCfg = Release|Any CPU
		{AFCECBCF-34E9-4263-88D9-10B1546D27F2}.Release|Any CPU.Build.0 = Release|Any CPU
		{2F9C595A-1824-44AC-962E-AB377B645774}.Debug|Any CPU.ActiveCfg = Debug|Any CPU
		{2F9C595A-1824-44AC-962E-AB377B645774}.Debug|Any CPU.Build.0 = Debug|Any CPU
		{2F9C595A-1824-44AC-962E-AB377B645774}.Release|Any CPU.ActiveCfg = Release|Any CPU
		{2F9C595A-1824-44AC-962E-AB377B645774}.Release|Any CPU.Build.0 = Release|Any CPU
	EndGlobalSection
	GlobalSection(SolutionProperties) = preSolution
		HideSolutionNode = FALSE
	EndGlobalSection
	GlobalSection(ExtensibilityGlobals) = postSolution
		SolutionGuid = {79B04EEA-D250-4EAE-9A60-3693D86C88F7}
	EndGlobalSection
EndGlobal
